
Microsoft Visual Studio Solution File, Format Version 12.00
# Visual Studio 15
VisualStudioVersion = 15.0.28010.2003
MinimumVisualStudioVersion = 10.0.40219.1
Project("{FAE04EC0-301F-11D3-BF4B-00C04F79EFBC}") = "UmbracoWeb", "UmbracoWeb\UmbracoWeb.csproj", "{30DDBB97-94F3-47E2-BBB2-56DDE5B1B68B}"
EndProject
Project("{2150E333-8FDC-42A3-9474-1A3956D46DE8}") = "Core", "Core", "{4A806195-2825-4ECF-AF31-5B821DED1098}"
EndProject
Project("{2150E333-8FDC-42A3-9474-1A3956D46DE8}") = "Services", "Services", "{50EE88C4-5970-47D3-8E15-FC683C47DBE1}"
EndProject
Project("{2150E333-8FDC-42A3-9474-1A3956D46DE8}") = "E", "E", "{BD4CDB8E-C81D-4D3A-B8C9-EC4AACE8FEEF}"
EndProject
Project("{9A19103F-16F7-4668-BE54-9A1E7A4F7556}") = "SDHC.Core", "Core\SDHC.Core\SDHC.Core.csproj", "{10B46AB4-D5ED-4FDD-A683-6FE5FF31BF87}"
EndProject
Project("{FAE04EC0-301F-11D3-BF4B-00C04F79EFBC}") = "SDHC.ApiAuthService", "Services\SDHC.ApiAuthService\SDHC.ApiAuthService.csproj", "{1A648FEE-E74A-49A9-A503-DBC0C2A682BF}"
EndProject
Project("{FAE04EC0-301F-11D3-BF4B-00C04F79EFBC}") = "SDHC.PdfConvert", "Services\SDHC.PdfConvert\SDHC.PdfConvert.csproj", "{FF406569-D7B9-4962-AC67-C623EA6D1A29}"
EndProject
Project("{FAE04EC0-301F-11D3-BF4B-00C04F79EFBC}") = "SDHC.Calture", "Services\SDHC.Calture\SDHC.Calture.csproj", "{5FF0F103-058F-451F-8A1E-DED63E1B9123}"
EndProject
Project("{FAE04EC0-301F-11D3-BF4B-00C04F79EFBC}") = "SDHC.Email", "Services\SDHC.Email\SDHC.Email.csproj", "{17B13478-EBAC-4029-83EF-C255CE452EE8}"
EndProject
Project("{FAE04EC0-301F-11D3-BF4B-00C04F79EFBC}") = "SDHC.HttpServer", "Services\SDHC.HttpServer\SDHC.HttpServer.csproj", "{1515F0D0-6099-4BF3-B419-FF388CD0B14E}"
EndProject
Project("{FAE04EC0-301F-11D3-BF4B-00C04F79EFBC}") = "SDHC.UKPostCode", "Services\SDHC.UKPostCode\SDHC.UKPostCode.csproj", "{F3852158-F33E-4B85-82EF-C8A6E63D8A35}"
EndProject
Project("{FAE04EC0-301F-11D3-BF4B-00C04F79EFBC}") = "SDHC.Umbraco.Member", "Services\SDHC.Umbraco.Member\SDHC.Umbraco.Member.csproj", "{42E362E9-86D9-4D8D-AFB1-628027C34DBB}"
EndProject
Project("{FAE04EC0-301F-11D3-BF4B-00C04F79EFBC}") = "SDHC.Umbraco.Extend", "Core\SDHC.Umbraco.Extend\SDHC.Umbraco.Extend.csproj", "{D093E13A-864D-4192-81CE-A52E41782AB6}"
EndProject
Project("{FAE04EC0-301F-11D3-BF4B-00C04F79EFBC}") = "SDHC.E", "SDHC.E\SDHC.E.csproj", "{079AD801-BBEF-44E6-BEEE-F5A021DFD5E8}"
EndProject
Global
	GlobalSection(SolutionConfigurationPlatforms) = preSolution
		Debug|Any CPU = Debug|Any CPU
		Release|Any CPU = Release|Any CPU
	EndGlobalSection
	GlobalSection(ProjectConfigurationPlatforms) = postSolution
		{30DDBB97-94F3-47E2-BBB2-56DDE5B1B68B}.Debug|Any CPU.ActiveCfg = Debug|Any CPU
		{30DDBB97-94F3-47E2-BBB2-56DDE5B1B68B}.Debug|Any CPU.Build.0 = Debug|Any CPU
		{30DDBB97-94F3-47E2-BBB2-56DDE5B1B68B}.Release|Any CPU.ActiveCfg = Release|Any CPU
		{30DDBB97-94F3-47E2-BBB2-56DDE5B1B68B}.Release|Any CPU.Build.0 = Release|Any CPU
		{10B46AB4-D5ED-4FDD-A683-6FE5FF31BF87}.Debug|Any CPU.ActiveCfg = Debug|Any CPU
		{10B46AB4-D5ED-4FDD-A683-6FE5FF31BF87}.Debug|Any CPU.Build.0 = Debug|Any CPU
		{10B46AB4-D5ED-4FDD-A683-6FE5FF31BF87}.Release|Any CPU.ActiveCfg = Release|Any CPU
		{10B46AB4-D5ED-4FDD-A683-6FE5FF31BF87}.Release|Any CPU.Build.0 = Release|Any CPU
		{1A648FEE-E74A-49A9-A503-DBC0C2A682BF}.Debug|Any CPU.ActiveCfg = Debug|Any CPU
		{1A648FEE-E74A-49A9-A503-DBC0C2A682BF}.Debug|Any CPU.Build.0 = Debug|Any CPU
		{1A648FEE-E74A-49A9-A503-DBC0C2A682BF}.Release|Any CPU.ActiveCfg = Release|Any CPU
		{1A648FEE-E74A-49A9-A503-DBC0C2A682BF}.Release|Any CPU.Build.0 = Release|Any CPU
		{FF406569-D7B9-4962-AC67-C623EA6D1A29}.Debug|Any CPU.ActiveCfg = Debug|Any CPU
		{FF406569-D7B9-4962-AC67-C623EA6D1A29}.Debug|Any CPU.Build.0 = Debug|Any CPU
		{FF406569-D7B9-4962-AC67-C623EA6D1A29}.Release|Any CPU.ActiveCfg = Release|Any CPU
		{FF406569-D7B9-4962-AC67-C623EA6D1A29}.Release|Any CPU.Build.0 = Release|Any CPU
		{5FF0F103-058F-451F-8A1E-DED63E1B9123}.Debug|Any CPU.ActiveCfg = Debug|Any CPU
		{5FF0F103-058F-451F-8A1E-DED63E1B9123}.Debug|Any CPU.Build.0 = Debug|Any CPU
		{5FF0F103-058F-451F-8A1E-DED63E1B9123}.Release|Any CPU.ActiveCfg = Release|Any CPU
		{5FF0F103-058F-451F-8A1E-DED63E1B9123}.Release|Any CPU.Build.0 = Release|Any CPU
		{17B13478-EBAC-4029-83EF-C255CE452EE8}.Debug|Any CPU.ActiveCfg = Debug|Any CPU
		{17B13478-EBAC-4029-83EF-C255CE452EE8}.Debug|Any CPU.Build.0 = Debug|Any CPU
		{17B13478-EBAC-4029-83EF-C255CE452EE8}.Release|Any CPU.ActiveCfg = Release|Any CPU
		{17B13478-EBAC-4029-83EF-C255CE452EE8}.Release|Any CPU.Build.0 = Release|Any CPU
		{1515F0D0-6099-4BF3-B419-FF388CD0B14E}.Debug|Any CPU.ActiveCfg = Debug|Any CPU
		{1515F0D0-6099-4BF3-B419-FF388CD0B14E}.Debug|Any CPU.Build.0 = Debug|Any CPU
		{1515F0D0-6099-4BF3-B419-FF388CD0B14E}.Release|Any CPU.ActiveCfg = Release|Any CPU
		{1515F0D0-6099-4BF3-B419-FF388CD0B14E}.Release|Any CPU.Build.0 = Release|Any CPU
		{F3852158-F33E-4B85-82EF-C8A6E63D8A35}.Debug|Any CPU.ActiveCfg = Debug|Any CPU
		{F3852158-F33E-4B85-82EF-C8A6E63D8A35}.Debug|Any CPU.Build.0 = Debug|Any CPU
		{F3852158-F33E-4B85-82EF-C8A6E63D8A35}.Release|Any CPU.ActiveCfg = Release|Any CPU
		{F3852158-F33E-4B85-82EF-C8A6E63D8A35}.Release|Any CPU.Build.0 = Release|Any CPU
		{42E362E9-86D9-4D8D-AFB1-628027C34DBB}.Debug|Any CPU.ActiveCfg = Debug|Any CPU
		{42E362E9-86D9-4D8D-AFB1-628027C34DBB}.Debug|Any CPU.Build.0 = Debug|Any CPU
		{42E362E9-86D9-4D8D-AFB1-628027C34DBB}.Release|Any CPU.ActiveCfg = Release|Any CPU
		{42E362E9-86D9-4D8D-AFB1-628027C34DBB}.Release|Any CPU.Build.0 = Release|Any CPU
		{D093E13A-864D-4192-81CE-A52E41782AB6}.Debug|Any CPU.ActiveCfg = Debug|Any CPU
		{D093E13A-864D-4192-81CE-A52E41782AB6}.Debug|Any CPU.Build.0 = Debug|Any CPU
		{D093E13A-864D-4192-81CE-A52E41782AB6}.Release|Any CPU.ActiveCfg = Release|Any CPU
		{D093E13A-864D-4192-81CE-A52E41782AB6}.Release|Any CPU.Build.0 = Release|Any CPU
		{079AD801-BBEF-44E6-BEEE-F5A021DFD5E8}.Debug|Any CPU.ActiveCfg = Debug|Any CPU
		{079AD801-BBEF-44E6-BEEE-F5A021DFD5E8}.Debug|Any CPU.Build.0 = Debug|Any CPU
		{079AD801-BBEF-44E6-BEEE-F5A021DFD5E8}.Release|Any CPU.ActiveCfg = Release|Any CPU
		{079AD801-BBEF-44E6-BEEE-F5A021DFD5E8}.Release|Any CPU.Build.0 = Release|Any CPU
	EndGlobalSection
	GlobalSection(SolutionProperties) = preSolution
		HideSolutionNode = FALSE
	EndGlobalSection
	GlobalSection(NestedProjects) = preSolution
		{10B46AB4-D5ED-4FDD-A683-6FE5FF31BF87} = {4A806195-2825-4ECF-AF31-5B821DED1098}
		{1A648FEE-E74A-49A9-A503-DBC0C2A682BF} = {50EE88C4-5970-47D3-8E15-FC683C47DBE1}
		{FF406569-D7B9-4962-AC67-C623EA6D1A29} = {50EE88C4-5970-47D3-8E15-FC683C47DBE1}
		{5FF0F103-058F-451F-8A1E-DED63E1B9123} = {50EE88C4-5970-47D3-8E15-FC683C47DBE1}
		{17B13478-EBAC-4029-83EF-C255CE452EE8} = {50EE88C4-5970-47D3-8E15-FC683C47DBE1}
		{1515F0D0-6099-4BF3-B419-FF388CD0B14E} = {50EE88C4-5970-47D3-8E15-FC683C47DBE1}
		{F3852158-F33E-4B85-82EF-C8A6E63D8A35} = {50EE88C4-5970-47D3-8E15-FC683C47DBE1}
		{42E362E9-86D9-4D8D-AFB1-628027C34DBB} = {50EE88C4-5970-47D3-8E15-FC683C47DBE1}
		{D093E13A-864D-4192-81CE-A52E41782AB6} = {4A806195-2825-4ECF-AF31-5B821DED1098}
		{079AD801-BBEF-44E6-BEEE-F5A021DFD5E8} = {BD4CDB8E-C81D-4D3A-B8C9-EC4AACE8FEEF}
	EndGlobalSection
	GlobalSection(ExtensibilityGlobals) = postSolution
		SolutionGuid = {B0A8569D-06F5-472B-8EA5-61D816BB33A7}
	EndGlobalSection
EndGlobal
